
Microsoft Visual Studio Solution File, Format Version 12.00
# Visual Studio Version 17
VisualStudioVersion = 17.5.33530.505
MinimumVisualStudioVersion = 10.0.40219.1
Project("{9A19103F-16F7-4668-BE54-9A1E7A4F7556}") = "MessengerService", "MessengerService\MessengerService.csproj", "{E2F22C4C-5CD6-4665-9366-B59DBA60193A}"
EndProject
Project("{9A19103F-16F7-4668-BE54-9A1E7A4F7556}") = "ApiGateway", "ApiGateway\ApiGateway.csproj", "{8C90982F-F524-420C-AC4D-B21FDFDEC2B3}"
EndProject
Global
	GlobalSection(SolutionConfigurationPlatforms) = preSolution
		Debug|Any CPU = Debug|Any CPU
		Release|Any CPU = Release|Any CPU
	EndGlobalSection
	GlobalSection(ProjectConfigurationPlatforms) = postSolution
		{E2F22C4C-5CD6-4665-9366-B59DBA60193A}.Debug|Any CPU.ActiveCfg = Debug|Any CPU
		{E2F22C4C-5CD6-4665-9366-B59DBA60193A}.Debug|Any CPU.Build.0 = Debug|Any CPU
		{E2F22C4C-5CD6-4665-9366-B59DBA60193A}.Release|Any CPU.ActiveCfg = Release|Any CPU
		{E2F22C4C-5CD6-4665-9366-B59DBA60193A}.Release|Any CPU.Build.0 = Release|Any CPU
		{8C90982F-F524-420C-AC4D-B21FDFDEC2B3}.Debug|Any CPU.ActiveCfg = Debug|Any CPU
		{8C90982F-F524-420C-AC4D-B21FDFDEC2B3}.Debug|Any CPU.Build.0 = Debug|Any CPU
		{8C90982F-F524-420C-AC4D-B21FDFDEC2B3}.Release|Any CPU.ActiveCfg = Release|Any CPU
		{8C90982F-F524-420C-AC4D-B21FDFDEC2B3}.Release|Any CPU.Build.0 = Release|Any CPU
	EndGlobalSection
	GlobalSection(SolutionProperties) = preSolution
		HideSolutionNode = FALSE
	EndGlobalSection
	GlobalSection(ExtensibilityGlobals) = postSolution
		SolutionGuid = {87EEECF4-6DB9-4D3F-99C3-19F0C9CD20F0}
	EndGlobalSection
EndGlobal
