
Microsoft Visual Studio Solution File, Format Version 12.00
# Visual Studio Version 17
VisualStudioVersion = 17.5.33530.505
MinimumVisualStudioVersion = 10.0.40219.1
Project("{9A19103F-16F7-4668-BE54-9A1E7A4F7556}") = "MessageService", "MessageService\MessageService.csproj", "{E21029D4-6E08-452F-9825-EBB811C108BE}"
EndProject
Project("{9A19103F-16F7-4668-BE54-9A1E7A4F7556}") = "MessageService.Domain", "MessageService.Domain\MessageService.Domain.csproj", "{9349DD71-1A96-4E2B-A880-D0D2EA3FF2A8}"
EndProject
Project("{9A19103F-16F7-4668-BE54-9A1E7A4F7556}") = "MessageService.Persistence", "MessageService.Persistence\MessageService.Persistence.csproj", "{6758437A-5619-4283-BDC7-9D3123407D99}"
EndProject
Project("{9A19103F-16F7-4668-BE54-9A1E7A4F7556}") = "MessageService.Cache", "MessageService.Cache\MessageService.Cache.csproj", "{3AC4A8D1-3CBF-467F-8492-C2D315CA2964}"
EndProject
Project("{FAE04EC0-301F-11D3-BF4B-00C04F79EFBC}") = "MessageService.RabbitMQ", "MessageService.RabbitMQ\MessageService.RabbitMQ.csproj", "{7831AC64-E87C-4DB2-91DE-53AED98198E0}"
EndProject
Global
	GlobalSection(SolutionConfigurationPlatforms) = preSolution
		Debug|Any CPU = Debug|Any CPU
		Release|Any CPU = Release|Any CPU
	EndGlobalSection
	GlobalSection(ProjectConfigurationPlatforms) = postSolution
		{E21029D4-6E08-452F-9825-EBB811C108BE}.Debug|Any CPU.ActiveCfg = Debug|Any CPU
		{E21029D4-6E08-452F-9825-EBB811C108BE}.Debug|Any CPU.Build.0 = Debug|Any CPU
		{E21029D4-6E08-452F-9825-EBB811C108BE}.Release|Any CPU.ActiveCfg = Release|Any CPU
		{E21029D4-6E08-452F-9825-EBB811C108BE}.Release|Any CPU.Build.0 = Release|Any CPU
		{9349DD71-1A96-4E2B-A880-D0D2EA3FF2A8}.Debug|Any CPU.ActiveCfg = Debug|Any CPU
		{9349DD71-1A96-4E2B-A880-D0D2EA3FF2A8}.Debug|Any CPU.Build.0 = Debug|Any CPU
		{9349DD71-1A96-4E2B-A880-D0D2EA3FF2A8}.Release|Any CPU.ActiveCfg = Release|Any CPU
		{9349DD71-1A96-4E2B-A880-D0D2EA3FF2A8}.Release|Any CPU.Build.0 = Release|Any CPU
		{6758437A-5619-4283-BDC7-9D3123407D99}.Debug|Any CPU.ActiveCfg = Debug|Any CPU
		{6758437A-5619-4283-BDC7-9D3123407D99}.Debug|Any CPU.Build.0 = Debug|Any CPU
		{6758437A-5619-4283-BDC7-9D3123407D99}.Release|Any CPU.ActiveCfg = Release|Any CPU
		{6758437A-5619-4283-BDC7-9D3123407D99}.Release|Any CPU.Build.0 = Release|Any CPU
		{3AC4A8D1-3CBF-467F-8492-C2D315CA2964}.Debug|Any CPU.ActiveCfg = Debug|Any CPU
		{3AC4A8D1-3CBF-467F-8492-C2D315CA2964}.Debug|Any CPU.Build.0 = Debug|Any CPU
		{3AC4A8D1-3CBF-467F-8492-C2D315CA2964}.Release|Any CPU.ActiveCfg = Release|Any CPU
		{3AC4A8D1-3CBF-467F-8492-C2D315CA2964}.Release|Any CPU.Build.0 = Release|Any CPU
		{7831AC64-E87C-4DB2-91DE-53AED98198E0}.Debug|Any CPU.ActiveCfg = Debug|Any CPU
		{7831AC64-E87C-4DB2-91DE-53AED98198E0}.Debug|Any CPU.Build.0 = Debug|Any CPU
		{7831AC64-E87C-4DB2-91DE-53AED98198E0}.Release|Any CPU.ActiveCfg = Release|Any CPU
		{7831AC64-E87C-4DB2-91DE-53AED98198E0}.Release|Any CPU.Build.0 = Release|Any CPU
	EndGlobalSection
	GlobalSection(SolutionProperties) = preSolution
		HideSolutionNode = FALSE
	EndGlobalSection
	GlobalSection(ExtensibilityGlobals) = postSolution
		SolutionGuid = {87EEECF4-6DB9-4D3F-99C3-19F0C9CD20F0}
	EndGlobalSection
EndGlobal
